
Microsoft Visual Studio Solution File, Format Version 12.00
# Visual Studio Version 17
VisualStudioVersion = 17.11.35327.3
MinimumVisualStudioVersion = 10.0.40219.1
Project("{FAE04EC0-301F-11D3-BF4B-00C04F79EFBC}") = "Tehtava5tuoteApp", "Tehtava5tuoteApp\Tehtava5tuoteApp.csproj", "{1C53081E-9DA7-4D68-BA8E-B94E96B93C66}"
EndProject
Global
	GlobalSection(SolutionConfigurationPlatforms) = preSolution
		Debug|Any CPU = Debug|Any CPU
		Release|Any CPU = Release|Any CPU
	EndGlobalSection
	GlobalSection(ProjectConfigurationPlatforms) = postSolution
		{1C53081E-9DA7-4D68-BA8E-B94E96B93C66}.Debug|Any CPU.ActiveCfg = Debug|Any CPU
		{1C53081E-9DA7-4D68-BA8E-B94E96B93C66}.Debug|Any CPU.Build.0 = Debug|Any CPU
		{1C53081E-9DA7-4D68-BA8E-B94E96B93C66}.Release|Any CPU.ActiveCfg = Release|Any CPU
		{1C53081E-9DA7-4D68-BA8E-B94E96B93C66}.Release|Any CPU.Build.0 = Release|Any CPU
	EndGlobalSection
	GlobalSection(SolutionProperties) = preSolution
		HideSolutionNode = FALSE
	EndGlobalSection
	GlobalSection(ExtensibilityGlobals) = postSolution
		SolutionGuid = {74BC2A88-A33D-47C1-82F4-CACBCDF1E198}
	EndGlobalSection
EndGlobal
